// !$*UTF8*$!
{
	archiveVersion = 1;
	classes = {
	};
	objectVersion = 55;
	objects = {

/* Begin PBXBuildFile section */
		128FD1C12772D761002C653D /* AppDelegate.swift in Sources */ = {isa = PBXBuildFile; fileRef = 128FD1C02772D761002C653D /* AppDelegate.swift */; };
		128FD1C32772D761002C653D /* SceneDelegate.swift in Sources */ = {isa = PBXBuildFile; fileRef = 128FD1C22772D761002C653D /* SceneDelegate.swift */; };
		128FD1C52772D761002C653D /* ViewController.swift in Sources */ = {isa = PBXBuildFile; fileRef = 128FD1C42772D761002C653D /* ViewController.swift */; };
		128FD1C82772D761002C653D /* Main.storyboard in Resources */ = {isa = PBXBuildFile; fileRef = 128FD1C62772D761002C653D /* Main.storyboard */; };
		128FD1CA2772D763002C653D /* Assets.xcassets in Resources */ = {isa = PBXBuildFile; fileRef = 128FD1C92772D763002C653D /* Assets.xcassets */; };
		128FD1CD2772D763002C653D /* LaunchScreen.storyboard in Resources */ = {isa = PBXBuildFile; fileRef = 128FD1CB2772D763002C653D /* LaunchScreen.storyboard */; };
		128FD1D82772ED51002C653D /* Demo01ViewController.swift in Sources */ = {isa = PBXBuildFile; fileRef = 128FD1D62772ED51002C653D /* Demo01ViewController.swift */; };
		128FD1D92772ED51002C653D /* Demo01ViewController.xib in Resources */ = {isa = PBXBuildFile; fileRef = 128FD1D72772ED51002C653D /* Demo01ViewController.xib */; };
/* End PBXBuildFile section */

/* Begin PBXFileReference section */
		128FD1BD2772D761002C653D /* demoIDUnLock.app */ = {isa = PBXFileReference; explicitFileType = wrapper.application; includeInIndex = 0; path = demoIDUnLock.app; sourceTree = BUILT_PRODUCTS_DIR; };
		128FD1C02772D761002C653D /* AppDelegate.swift */ = {isa = PBXFileReference; lastKnownFileType = sourcecode.swift; path = AppDelegate.swift; sourceTree = "<group>"; };
		128FD1C22772D761002C653D /* SceneDelegate.swift */ = {isa = PBXFileReference; lastKnownFileType = sourcecode.swift; path = SceneDelegate.swift; sourceTree = "<group>"; };
		128FD1C42772D761002C653D /* ViewController.swift */ = {isa = PBXFileReference; lastKnownFileType = sourcecode.swift; path = ViewController.swift; sourceTree = "<group>"; };
		128FD1C72772D761002C653D /* Base */ = {isa = PBXFileReference; lastKnownFileType = file.storyboard; name = Base; path = Base.lproj/Main.storyboard; sourceTree = "<group>"; };
		128FD1C92772D763002C653D /* Assets.xcassets */ = {isa = PBXFileReference; lastKnownFileType = folder.assetcatalog; path = Assets.xcassets; sourceTree = "<group>"; };
		128FD1CC2772D763002C653D /* Base */ = {isa = PBXFileReference; lastKnownFileType = file.storyboard; name = Base; path = Base.lproj/LaunchScreen.storyboard; sourceTree = "<group>"; };
		128FD1CE2772D763002C653D /* Info.plist */ = {isa = PBXFileReference; lastKnownFileType = text.plist.xml; path = Info.plist; sourceTree = "<group>"; };
		128FD1D62772ED51002C653D /* Demo01ViewController.swift */ = {isa = PBXFileReference; lastKnownFileType = sourcecode.swift; path = Demo01ViewController.swift; sourceTree = "<group>"; };
		128FD1D72772ED51002C653D /* Demo01ViewController.xib */ = {isa = PBXFileReference; lastKnownFileType = file.xib; path = Demo01ViewController.xib; sourceTree = "<group>"; };
/* End PBXFileReference section */

/* Begin PBXFrameworksBuildPhase section */
		128FD1BA2772D761002C653D /* Frameworks */ = {
			isa = PBXFrameworksBuildPhase;
			buildActionMask = 2147483647;
			files = (
			);
			runOnlyForDeploymentPostprocessing = 0;
		};
/* End PBXFrameworksBuildPhase section */

/* Begin PBXGroup section */
		128FD1B42772D761002C653D = {
			isa = PBXGroup;
			children = (
				128FD1BF2772D761002C653D /* demoIDUnLock */,
				128FD1BE2772D761002C653D /* Products */,
			);
			sourceTree = "<group>";
		};
		128FD1BE2772D761002C653D /* Products */ = {
			isa = PBXGroup;
			children = (
				128FD1BD2772D761002C653D /* demoIDUnLock.app */,
			);
			name = Products;
			sourceTree = "<group>";
		};
		128FD1BF2772D761002C653D /* demoIDUnLock */ = {
			isa = PBXGroup;
			children = (
				128FD1C02772D761002C653D /* AppDelegate.swift */,
				128FD1C22772D761002C653D /* SceneDelegate.swift */,
				128FD1C42772D761002C653D /* ViewController.swift */,
				128FD1C62772D761002C653D /* Main.storyboard */,
				128FD1C92772D763002C653D /* Assets.xcassets */,
				128FD1CB2772D763002C653D /* LaunchScreen.storyboard */,
				128FD1CE2772D763002C653D /* Info.plist */,
				128FD1D62772ED51002C653D /* Demo01ViewController.swift */,
				128FD1D72772ED51002C653D /* Demo01ViewController.xib */,
			);
			path = demoIDUnLock;
			sourceTree = "<group>";
		};
/* End PBXGroup section */

/* Begin PBXNativeTarget section */
		128FD1BC2772D761002C653D /* demoIDUnLock */ = {
			isa = PBXNativeTarget;
			buildConfigurationList = 128FD1D12772D763002C653D /* Build configuration list for PBXNativeTarget "demoIDUnLock" */;
			buildPhases = (
				128FD1B92772D761002C653D /* Sources */,
				128FD1BA2772D761002C653D /* Frameworks */,
				128FD1BB2772D761002C653D /* Resources */,
			);
			buildRules = (
			);
			dependencies = (
			);
			name = demoIDUnLock;
			productName = demoIDUnLock;
			productReference = 128FD1BD2772D761002C653D /* demoIDUnLock.app */;
			productType = "com.apple.product-type.application";
		};
/* End PBXNativeTarget section */

/* Begin PBXProject section */
		128FD1B52772D761002C653D /* Project object */ = {
			isa = PBXProject;
			attributes = {
				BuildIndependentTargetsInParallel = 1;
				LastSwiftUpdateCheck = 1300;
				LastUpgradeCheck = 1300;
				TargetAttributes = {
					128FD1BC2772D761002C653D = {
						CreatedOnToolsVersion = 13.0;
					};
				};
			};
			buildConfigurationList = 128FD1B82772D761002C653D /* Build configuration list for PBXProject "demoIDUnLock" */;
			compatibilityVersion = "Xcode 13.0";
			developmentRegion = en;
			hasScannedForEncodings = 0;
			knownRegions = (
				en,
				Base,
			);
			mainGroup = 128FD1B42772D761002C653D;
			productRefGroup = 128FD1BE2772D761002C653D /* Products */;
			projectDirPath = "";
			projectRoot = "";
			targets = (
				128FD1BC2772D761002C653D /* demoIDUnLock */,
			);
		};
/* End PBXProject section */

/* Begin PBXResourcesBuildPhase section */
		128FD1BB2772D761002C653D /* Resources */ = {
			isa = PBXResourcesBuildPhase;
			buildActionMask = 2147483647;
			files = (
				128FD1CD2772D763002C653D /* LaunchScreen.storyboard in Resources */,
				128FD1CA2772D763002C653D /* Assets.xcassets in Resources */,
				128FD1D92772ED51002C653D /* Demo01ViewController.xib in Resources */,
				128FD1C82772D761002C653D /* Main.storyboard in Resources */,
			);
			runOnlyForDeploymentPostprocessing = 0;
		};
/* End PBXResourcesBuildPhase section */

/* Begin PBXSourcesBuildPhase section */
		128FD1B92772D761002C653D /* Sources */ = {
			isa = PBXSourcesBuildPhase;
			buildActionMask = 2147483647;
			files = (
				128FD1C52772D761002C653D /* ViewController.swift in Sources */,
				128FD1C12772D761002C653D /* AppDelegate.swift in Sources */,
				128FD1D82772ED51002C653D /* Demo01ViewController.swift in Sources */,
				128FD1C32772D761002C653D /* SceneDelegate.swift in Sources */,
			);
			runOnlyForDeploymentPostprocessing = 0;
		};
/* End PBXSourcesBuildPhase section */

/* Begin PBXVariantGroup section */
		128FD1C62772D761002C653D /* Main.storyboard */ = {
			isa = PBXVariantGroup;
			children = (
				128FD1C72772D761002C653D /* Base */,
			);
			name = Main.storyboard;
			sourceTree = "<group>";
		};
		128FD1CB2772D763002C653D /* LaunchScreen.storyboard */ = {
			isa = PBXVariantGroup;
			children = (
				128FD1CC2772D763002C653D /* Base */,
			);
			name = LaunchScreen.storyboard;
			sourceTree = "<group>";
		};
/* End PBXVariantGroup section */

/* Begin XCBuildConfiguration section */
		128FD1CF2772D763002C653D /* Debug */ = {
			isa = XCBuildConfiguration;
			buildSettings = {
				ALWAYS_SEARCH_USER_PATHS = NO;
				CLANG_ANALYZER_NONNULL = YES;
				CLANG_ANALYZER_NUMBER_OBJECT_CONVERSION = YES_AGGRESSIVE;
				CLANG_CXX_LANGUAGE_STANDARD = "gnu++17";
				CLANG_CXX_LIBRARY = "libc++";
				CLANG_ENABLE_MODULES = YES;
				CLANG_ENABLE_OBJC_ARC = YES;
				CLANG_ENABLE_OBJC_WEAK = YES;
				CLANG_WARN_BLOCK_CAPTURE_AUTORELEASING = YES;
				CLANG_WARN_BOOL_CONVERSION = YES;
				CLANG_WARN_COMMA = YES;
				CLANG_WARN_CONSTANT_CONVERSION = YES;
				CLANG_WARN_DEPRECATED_OBJC_IMPLEMENTATIONS = YES;
				CLANG_WARN_DIRECT_OBJC_ISA_USAGE = YES_ERROR;
				CLANG_WARN_DOCUMENTATION_COMMENTS = YES;
				CLANG_WARN_EMPTY_BODY = YES;
				CLANG_WARN_ENUM_CONVERSION = YES;
				CLANG_WARN_INFINITE_RECURSION = YES;
				CLANG_WARN_INT_CONVERSION = YES;
				CLANG_WARN_NON_LITERAL_NULL_CONVERSION = YES;
				CLANG_WARN_OBJC_IMPLICIT_RETAIN_SELF = YES;
				CLANG_WARN_OBJC_LITERAL_CONVERSION = YES;
				CLANG_WARN_OBJC_ROOT_CLASS = YES_ERROR;
				CLANG_WARN_QUOTED_INCLUDE_IN_FRAMEWORK_HEADER = YES;
				CLANG_WARN_RANGE_LOOP_ANALYSIS = YES;
				CLANG_WARN_STRICT_PROTOTYPES = YES;
				CLANG_WARN_SUSPICIOUS_MOVE = YES;
				CLANG_WARN_UNGUARDED_AVAILABILITY = YES_AGGRESSIVE;
				CLANG_WARN_UNREACHABLE_CODE = YES;
				CLANG_WARN__DUPLICATE_METHOD_MATCH = YES;
				COPY_PHASE_STRIP = NO;
				DEBUG_INFORMATION_FORMAT = dwarf;
				ENABLE_STRICT_OBJC_MSGSEND = YES;
				ENABLE_TESTABILITY = YES;
				GCC_C_LANGUAGE_STANDARD = gnu11;
				GCC_DYNAMIC_NO_PIC = NO;
				GCC_NO_COMMON_BLOCKS = YES;
				GCC_OPTIMIZATION_LEVEL = 0;
				GCC_PREPROCESSOR_DEFINITIONS = (
					"DEBUG=1",
					"$(inherited)",
				);
				GCC_WARN_64_TO_32_BIT_CONVERSION = YES;
				GCC_WARN_ABOUT_RETURN_TYPE = YES_ERROR;
				GCC_WARN_UNDECLARED_SELECTOR = YES;
				GCC_WARN_UNINITIALIZED_AUTOS = YES_AGGRESSIVE;
				GCC_WARN_UNUSED_FUNCTION = YES;
				GCC_WARN_UNUSED_VARIABLE = YES;
				IPHONEOS_DEPLOYMENT_TARGET = 15.0;
				MTL_ENABLE_DEBUG_INFO = INCLUDE_SOURCE;
				MTL_FAST_MATH = YES;
				ONLY_ACTIVE_ARCH = YES;
				SDKROOT = iphoneos;
				SWIFT_ACTIVE_COMPILATION_CONDITIONS = DEBUG;
				SWIFT_OPTIMIZATION_LEVEL = "-Onone";
			};
			name = Debug;
		};
		128FD1D02772D763002C653D /* Release */ = {
			isa = XCBuildConfiguration;
			buildSettings = {
				ALWAYS_SEARCH_USER_PATHS = NO;
				CLANG_ANALYZER_NONNULL = YES;
				CLANG_ANALYZER_NUMBER_OBJECT_CONVERSION = YES_AGGRESSIVE;
				CLANG_CXX_LANGUAGE_STANDARD = "gnu++17";
				CLANG_CXX_LIBRARY = "libc++";
				CLANG_ENABLE_MODULES = YES;
				CLANG_ENABLE_OBJC_ARC = YES;
				CLANG_ENABLE_OBJC_WEAK = YES;
				CLANG_WARN_BLOCK_CAPTURE_AUTORELEASING = YES;
				CLANG_WARN_BOOL_CONVERSION = YES;
				CLANG_WARN_COMMA = YES;
				CLANG_WARN_CONSTANT_CONVERSION = YES;
				CLANG_WARN_DEPRECATED_OBJC_IMPLEMENTATIONS = YES;
				CLANG_WARN_DIRECT_OBJC_ISA_USAGE = YES_ERROR;
				CLANG_WARN_DOCUMENTATION_COMMENTS = YES;
				CLANG_WARN_EMPTY_BODY = YES;
				CLANG_WARN_ENUM_CONVERSION = YES;
				CLANG_WARN_INFINITE_RECURSION = YES;
				CLANG_WARN_INT_CONVERSION = YES;
				CLANG_WARN_NON_LITERAL_NULL_CONVERSION = YES;
				CLANG_WARN_OBJC_IMPLICIT_RETAIN_SELF = YES;
				CLANG_WARN_OBJC_LITERAL_CONVERSION = YES;
				CLANG_WARN_OBJC_ROOT_CLASS = YES_ERROR;
				CLANG_WARN_QUOTED_INCLUDE_IN_FRAMEWORK_HEADER = YES;
				CLANG_WARN_RANGE_LOOP_ANALYSIS = YES;
				CLANG_WARN_STRICT_PROTOTYPES = YES;
				CLANG_WARN_SUSPICIOUS_MOVE = YES;
				CLANG_WARN_UNGUARDED_AVAILABILITY = YES_AGGRESSIVE;
				CLANG_WARN_UNREACHABLE_CODE = YES;
				CLANG_WARN__DUPLICATE_METHOD_MATCH = YES;
				COPY_PHASE_STRIP = NO;
				DEBUG_INFORMATION_FORMAT = "dwarf-with-dsym";
				ENABLE_NS_ASSERTIONS = NO;
				ENABLE_STRICT_OBJC_MSGSEND = YES;
				GCC_C_LANGUAGE_STANDARD = gnu11;
				GCC_NO_COMMON_BLOCKS = YES;
				GCC_WARN_64_TO_32_BIT_CONVERSION = YES;
				GCC_WARN_ABOUT_RETURN_TYPE = YES_ERROR;
				GCC_WARN_UNDECLARED_SELECTOR = YES;
				GCC_WARN_UNINITIALIZED_AUTOS = YES_AGGRESSIVE;
				GCC_WARN_UNUSED_FUNCTION = YES;
				GCC_WARN_UNUSED_VARIABLE = YES;
				IPHONEOS_DEPLOYMENT_TARGET = 15.0;
				MTL_ENABLE_DEBUG_INFO = NO;
				MTL_FAST_MATH = YES;
				SDKROOT = iphoneos;
				SWIFT_COMPILATION_MODE = wholemodule;
				SWIFT_OPTIMIZATION_LEVEL = "-O";
				VALIDATE_PRODUCT = YES;
			};
			name = Release;
		};
		128FD1D22772D763002C653D /* Debug */ = {
			isa = XCBuildConfiguration;
			buildSettings = {
				ASSETCATALOG_COMPILER_APPICON_NAME = AppIcon;
				ASSETCATALOG_COMPILER_GLOBAL_ACCENT_COLOR_NAME = AccentColor;
				CODE_SIGN_STYLE = Automatic;
				CURRENT_PROJECT_VERSION = 1;
				DEVELOPMENT_TEAM = KWKVL4YQWY;
				GENERATE_INFOPLIST_FILE = YES;
				INFOPLIST_FILE = demoIDUnLock/Info.plist;
				INFOPLIST_KEY_NSFaceIDUsageDescription = "使用臉部/指紋解鎖";
				INFOPLIST_KEY_UIApplicationSupportsIndirectInputEvents = YES;
				INFOPLIST_KEY_UILaunchStoryboardName = LaunchScreen;
				INFOPLIST_KEY_UIMainStoryboardFile = Main;
				INFOPLIST_KEY_UISupportedInterfaceOrientations_iPad = "UIInterfaceOrientationPortrait UIInterfaceOrientationPortraitUpsideDown UIInterfaceOrientationLandscapeLeft UIInterfaceOrientationLandscapeRight";
				INFOPLIST_KEY_UISupportedInterfaceOrientations_iPhone = "UIInterfaceOrientationPortrait UIInterfaceOrientationLandscapeLeft UIInterfaceOrientationLandscapeRight";
				IPHONEOS_DEPLOYMENT_TARGET = 13.0;
				LD_RUNPATH_SEARCH_PATHS = (
					"$(inherited)",
					"@executable_path/Frameworks",
				);
				MARKETING_VERSION = 1.0;
				PRODUCT_BUNDLE_IDENTIFIER = practise007.demoIDUnLock;
				PRODUCT_NAME = "$(TARGET_NAME)";
				SWIFT_EMIT_LOC_STRINGS = YES;
				SWIFT_VERSION = 5.0;
				TARGETED_DEVICE_FAMILY = "1,2";
			};
			name = Debug;
		};
		128FD1D32772D763002C653D /* Release */ = {
			isa = XCBuildConfiguration;
			buildSettings = {
				ASSETCATALOG_COMPILER_APPICON_NAME = AppIcon;
				ASSETCATALOG_COMPILER_GLOBAL_ACCENT_COLOR_NAME = AccentColor;
				CODE_SIGN_STYLE = Automatic;
				CURRENT_PROJECT_VERSION = 1;
				DEVELOPMENT_TEAM = KWKVL4YQWY;
				GENERATE_INFOPLIST_FILE = YES;
				INFOPLIST_FILE = demoIDUnLock/Info.plist;
				INFOPLIST_KEY_NSFaceIDUsageDescription = "使用臉部/指紋解鎖";
				INFOPLIST_KEY_UIApplicationSupportsIndirectInputEvents = YES;
				INFOPLIST_KEY_UILaunchStoryboardName = LaunchScreen;
				INFOPLIST_KEY_UIMainStoryboardFile = Main;
				INFOPLIST_KEY_UISupportedInterfaceOrientations_iPad = "UIInterfaceOrientationPortrait UIInterfaceOrientationPortraitUpsideDown UIInterfaceOrientationLandscapeLeft UIInterfaceOrientationLandscapeRight";
				INFOPLIST_KEY_UISupportedInterfaceOrientations_iPhone = "UIInterfaceOrientationPortrait UIInterfaceOrientationLandscapeLeft UIInterfaceOrientationLandscapeRight";
				IPHONEOS_DEPLOYMENT_TARGET = 13.0;
				LD_RUNPATH_SEARCH_PATHS = (
					"$(inherited)",
					"@executable_path/Frameworks",
				);
				MARKETING_VERSION = 1.0;
				PRODUCT_BUNDLE_IDENTIFIER = practise007.demoIDUnLock;
				PRODUCT_NAME = "$(TARGET_NAME)";
				SWIFT_EMIT_LOC_STRINGS = YES;
				SWIFT_VERSION = 5.0;
				TARGETED_DEVICE_FAMILY = "1,2";
			};
			name = Release;
		};
/* End XCBuildConfiguration section */

/* Begin XCConfigurationList section */
		128FD1B82772D761002C653D /* Build configuration list for PBXProject "demoIDUnLock" */ = {
			isa = XCConfigurationList;
			buildConfigurations = (
				128FD1CF2772D763002C653D /* Debug */,
				128FD1D02772D763002C653D /* Release */,
			);
			defaultConfigurationIsVisible = 0;
			defaultConfigurationName = Release;
		};
		128FD1D12772D763002C653D /* Build configuration list for PBXNativeTarget "demoIDUnLock" */ = {
			isa = XCConfigurationList;
			buildConfigurations = (
				128FD1D22772D763002C653D /* Debug */,
				128FD1D32772D763002C653D /* Release */,
			);
			defaultConfigurationIsVisible = 0;
			defaultConfigurationName = Release;
		};
/* End XCConfigurationList section */
	};
	rootObject = 128FD1B52772D761002C653D /* Project object */;
}
